
Microsoft Visual Studio Solution File, Format Version 12.00
Project("{FAE04EC0-301F-11D3-BF4B-00C04F79EFBC}") = "App_Delivery_HUGO", "App_Delivery_HUGO.csproj", "{6E14D792-A41F-49FC-8A76-58899EF4F1BB}"
EndProject
Global
	GlobalSection(SolutionConfigurationPlatforms) = preSolution
		Debug|Any CPU = Debug|Any CPU
		Release|Any CPU = Release|Any CPU
	EndGlobalSection
	GlobalSection(ProjectConfigurationPlatforms) = postSolution
		{6E14D792-A41F-49FC-8A76-58899EF4F1BB}.Debug|Any CPU.ActiveCfg = Debug|Any CPU
		{6E14D792-A41F-49FC-8A76-58899EF4F1BB}.Debug|Any CPU.Build.0 = Debug|Any CPU
		{6E14D792-A41F-49FC-8A76-58899EF4F1BB}.Release|Any CPU.ActiveCfg = Release|Any CPU
		{6E14D792-A41F-49FC-8A76-58899EF4F1BB}.Release|Any CPU.Build.0 = Release|Any CPU
	EndGlobalSection
EndGlobal
